
Microsoft Visual Studio Solution File, Format Version 12.00
# Visual Studio Version 17
VisualStudioVersion = 17.5.33424.131
MinimumVisualStudioVersion = 10.0.40219.1
Project("{8BC9CEB8-8B4A-11D0-8D11-00A0C91BC942}") = "Lab10_Source", "Lab10_Source\Lab10_Source.vcxproj", "{AF5A8E04-91F8-4323-AE36-4EECB4FB8A82}"
EndProject
Global
	GlobalSection(SolutionConfigurationPlatforms) = preSolution
		Debug|x64 = Debug|x64
		Debug|x86 = Debug|x86
		Release|x64 = Release|x64
		Release|x86 = Release|x86
	EndGlobalSection
	GlobalSection(ProjectConfigurationPlatforms) = postSolution
		{AF5A8E04-91F8-4323-AE36-4EECB4FB8A82}.Debug|x64.ActiveCfg = Debug|x64
		{AF5A8E04-91F8-4323-AE36-4EECB4FB8A82}.Debug|x64.Build.0 = Debug|x64
		{AF5A8E04-91F8-4323-AE36-4EECB4FB8A82}.Debug|x86.ActiveCfg = Debug|Win32
		{AF5A8E04-91F8-4323-AE36-4EECB4FB8A82}.Debug|x86.Build.0 = Debug|Win32
		{AF5A8E04-91F8-4323-AE36-4EECB4FB8A82}.Release|x64.ActiveCfg = Release|x64
		{AF5A8E04-91F8-4323-AE36-4EECB4FB8A82}.Release|x64.Build.0 = Release|x64
		{AF5A8E04-91F8-4323-AE36-4EECB4FB8A82}.Release|x86.ActiveCfg = Release|Win32
		{AF5A8E04-91F8-4323-AE36-4EECB4FB8A82}.Release|x86.Build.0 = Release|Win32
	EndGlobalSection
	GlobalSection(SolutionProperties) = preSolution
		HideSolutionNode = FALSE
	EndGlobalSection
	GlobalSection(ExtensibilityGlobals) = postSolution
		SolutionGuid = {B383F1C9-4727-4745-96FB-7E79F3635750}
	EndGlobalSection
EndGlobal
