
Microsoft Visual Studio Solution File, Format Version 12.00
# Visual Studio Version 16
VisualStudioVersion = 16.0.33214.272
MinimumVisualStudioVersion = 10.0.40219.1
Project("{8BC9CEB8-8B4A-11D0-8D11-00A0C91BC942}") = "Lab04", "Lab04.vcxproj", "{25414E3F-6056-4697-8B5F-C5B0B5B20CD5}"
EndProject
Global
	GlobalSection(SolutionConfigurationPlatforms) = preSolution
		Debug|x64 = Debug|x64
		Debug|x86 = Debug|x86
		Release|x64 = Release|x64
		Release|x86 = Release|x86
	EndGlobalSection
	GlobalSection(ProjectConfigurationPlatforms) = postSolution
		{25414E3F-6056-4697-8B5F-C5B0B5B20CD5}.Debug|x64.ActiveCfg = Debug|x64
		{25414E3F-6056-4697-8B5F-C5B0B5B20CD5}.Debug|x64.Build.0 = Debug|x64
		{25414E3F-6056-4697-8B5F-C5B0B5B20CD5}.Debug|x86.ActiveCfg = Debug|Win32
		{25414E3F-6056-4697-8B5F-C5B0B5B20CD5}.Debug|x86.Build.0 = Debug|Win32
		{25414E3F-6056-4697-8B5F-C5B0B5B20CD5}.Release|x64.ActiveCfg = Release|x64
		{25414E3F-6056-4697-8B5F-C5B0B5B20CD5}.Release|x64.Build.0 = Release|x64
		{25414E3F-6056-4697-8B5F-C5B0B5B20CD5}.Release|x86.ActiveCfg = Release|Win32
		{25414E3F-6056-4697-8B5F-C5B0B5B20CD5}.Release|x86.Build.0 = Release|Win32
	EndGlobalSection
	GlobalSection(SolutionProperties) = preSolution
		HideSolutionNode = FALSE
	EndGlobalSection
	GlobalSection(ExtensibilityGlobals) = postSolution
		SolutionGuid = {FD426139-D3C1-4FC1-895B-224BA826735B}
	EndGlobalSection
EndGlobal
